
Microsoft Visual Studio Solution File, Format Version 12.00
# Visual Studio Version 17
VisualStudioVersion = 17.11.35219.272
MinimumVisualStudioVersion = 10.0.40219.1
Project("{9A19103F-16F7-4668-BE54-9A1E7A4F7556}") = "Extensionista", "Extensionista.csproj", "{0E2C2D91-C788-4E45-98F6-F79708C45D3C}"
EndProject
Global
	GlobalSection(SolutionConfigurationPlatforms) = preSolution
		Debug|Any CPU = Debug|Any CPU
		Release|Any CPU = Release|Any CPU
	EndGlobalSection
	GlobalSection(ProjectConfigurationPlatforms) = postSolution
		{0E2C2D91-C788-4E45-98F6-F79708C45D3C}.Debug|Any CPU.ActiveCfg = Debug|Any CPU
		{0E2C2D91-C788-4E45-98F6-F79708C45D3C}.Debug|Any CPU.Build.0 = Debug|Any CPU
		{0E2C2D91-C788-4E45-98F6-F79708C45D3C}.Debug|Any CPU.Deploy.0 = Debug|Any CPU
		{0E2C2D91-C788-4E45-98F6-F79708C45D3C}.Release|Any CPU.ActiveCfg = Release|Any CPU
		{0E2C2D91-C788-4E45-98F6-F79708C45D3C}.Release|Any CPU.Build.0 = Release|Any CPU
		{0E2C2D91-C788-4E45-98F6-F79708C45D3C}.Release|Any CPU.Deploy.0 = Release|Any CPU
	EndGlobalSection
	GlobalSection(SolutionProperties) = preSolution
		HideSolutionNode = FALSE
	EndGlobalSection
	GlobalSection(ExtensibilityGlobals) = postSolution
		SolutionGuid = {A349D9AE-2023-497D-A9C8-0B3154F8E2E9}
	EndGlobalSection
EndGlobal
